
Microsoft Visual Studio Solution File, Format Version 12.00
# Visual Studio Version 16
VisualStudioVersion = 16.0.31105.61
MinimumVisualStudioVersion = 10.0.40219.1
Project("{FAE04EC0-301F-11D3-BF4B-00C04F79EFBC}") = "FunctionAppMYSQL", "FunctionAppMYSQL.csproj", "{5B68A898-FB24-4DCC-958B-D31A8395DAA6}"
EndProject
Global
	GlobalSection(SolutionConfigurationPlatforms) = preSolution
		Debug|Any CPU = Debug|Any CPU
		Release|Any CPU = Release|Any CPU
	EndGlobalSection
	GlobalSection(ProjectConfigurationPlatforms) = postSolution
		{5B68A898-FB24-4DCC-958B-D31A8395DAA6}.Debug|Any CPU.ActiveCfg = Debug|Any CPU
		{5B68A898-FB24-4DCC-958B-D31A8395DAA6}.Debug|Any CPU.Build.0 = Debug|Any CPU
		{5B68A898-FB24-4DCC-958B-D31A8395DAA6}.Release|Any CPU.ActiveCfg = Release|Any CPU
		{5B68A898-FB24-4DCC-958B-D31A8395DAA6}.Release|Any CPU.Build.0 = Release|Any CPU
	EndGlobalSection
	GlobalSection(SolutionProperties) = preSolution
		HideSolutionNode = FALSE
	EndGlobalSection
	GlobalSection(ExtensibilityGlobals) = postSolution
		SolutionGuid = {176781A5-EA55-4620-82FF-D46AF8E29CAE}
	EndGlobalSection
EndGlobal
